Microsoft Visual Studio Solution File, Format Version 12.00
# Visual Studio 2012
Project("{FAE04EC0-301F-11D3-BF4B-00C04F79EFBC}") = "MyMusicApplication", "MyMusicApplication.csproj", "{FDDEAB1A-3C67-4EAD-8E88-2F7CC4491E5C}"
EndProject
Global
	GlobalSection(SolutionConfigurationPlatforms) = preSolution
	Debug|Any CPU = Debug|Any CPU
	ExportDebug|Any CPU = ExportDebug|Any CPU
	ExportRelease|Any CPU = ExportRelease|Any CPU
	EndGlobalSection
	GlobalSection(ProjectConfigurationPlatforms) = postSolution
		{FDDEAB1A-3C67-4EAD-8E88-2F7CC4491E5C}.Debug|Any CPU.ActiveCfg = Debug|Any CPU
		{FDDEAB1A-3C67-4EAD-8E88-2F7CC4491E5C}.Debug|Any CPU.Build.0 = Debug|Any CPU
		{FDDEAB1A-3C67-4EAD-8E88-2F7CC4491E5C}.ExportDebug|Any CPU.ActiveCfg = ExportDebug|Any CPU
		{FDDEAB1A-3C67-4EAD-8E88-2F7CC4491E5C}.ExportDebug|Any CPU.Build.0 = ExportDebug|Any CPU
		{FDDEAB1A-3C67-4EAD-8E88-2F7CC4491E5C}.ExportRelease|Any CPU.ActiveCfg = ExportRelease|Any CPU
		{FDDEAB1A-3C67-4EAD-8E88-2F7CC4491E5C}.ExportRelease|Any CPU.Build.0 = ExportRelease|Any CPU
	EndGlobalSection
EndGlobal
